
Microsoft Visual Studio Solution File, Format Version 12.00
# Visual Studio 14
VisualStudioVersion = 14.0.25420.1
MinimumVisualStudioVersion = 10.0.40219.1
Project("{FAE04EC0-301F-11D3-BF4B-00C04F79EFBC}") = "Controls", "Controls\Controls.csproj", "{C85C04EC-2660-44AD-A3B9-65112D22B241}"
EndProject
Project("{FAE04EC0-301F-11D3-BF4B-00C04F79EFBC}") = "Demonstration", "Demonstration\Demonstration.csproj", "{4373CE12-FC45-4563-9448-646F42578699}"
EndProject
Global
	GlobalSection(SolutionConfigurationPlatforms) = preSolution
		Debug|Any CPU = Debug|Any CPU
		Release|Any CPU = Release|Any CPU
	EndGlobalSection
	GlobalSection(ProjectConfigurationPlatforms) = postSolution
		{C85C04EC-2660-44AD-A3B9-65112D22B241}.Debug|Any CPU.ActiveCfg = Debug|Any CPU
		{C85C04EC-2660-44AD-A3B9-65112D22B241}.Debug|Any CPU.Build.0 = Debug|Any CPU
		{C85C04EC-2660-44AD-A3B9-65112D22B241}.Release|Any CPU.ActiveCfg = Release|Any CPU
		{C85C04EC-2660-44AD-A3B9-65112D22B241}.Release|Any CPU.Build.0 = Release|Any CPU
		{4373CE12-FC45-4563-9448-646F42578699}.Debug|Any CPU.ActiveCfg = Debug|Any CPU
		{4373CE12-FC45-4563-9448-646F42578699}.Debug|Any CPU.Build.0 = Debug|Any CPU
		{4373CE12-FC45-4563-9448-646F42578699}.Release|Any CPU.ActiveCfg = Release|Any CPU
		{4373CE12-FC45-4563-9448-646F42578699}.Release|Any CPU.Build.0 = Release|Any CPU
	EndGlobalSection
	GlobalSection(SolutionProperties) = preSolution
		HideSolutionNode = FALSE
	EndGlobalSection
EndGlobal
